
Microsoft Visual Studio Solution File, Format Version 12.00
# Visual Studio Version 17
VisualStudioVersion = 17.13.35919.96
MinimumVisualStudioVersion = 10.0.40219.1
Project("{2150E333-8FDC-42A3-9474-1A3956D46DE8}") = "Solution Items", "Solution Items", "{8EC462FD-D22E-90A8-E5CE-7E832BA40C5D}"
EndProject
Project("{2150E333-8FDC-42A3-9474-1A3956D46DE8}") = "src", "src", "{02EA681E-C7D8-13C7-8484-4AC65E1B71E8}"
	ProjectSection(SolutionItems) = preProject
		fort\src\cheby.f90 = fort\src\cheby.f90
		fort\src\denselight.f90 = fort\src\denselight.f90
		fort\src\frkmin.f90 = fort\src\frkmin.f90
		fort\src\frkmin_q.f90 = fort\src\frkmin_q.f90
		fort\src\genqist.f90 = fort\src\genqist.f90
		fort\src\globals.f90 = fort\src\globals.f90
		fort\src\makemodel.f90 = fort\src\makemodel.f90
		fort\src\mqist.f90 = fort\src\mqist.f90
		fort\src\pyqist.f90 = fort\src\pyqist.f90
		fort\src\qist.f90 = fort\src\qist.f90
		fort\src\quat.f90 = fort\src\quat.f90
		fort\src\q_inter.f90 = fort\src\q_inter.f90
		fort\src\subspice.f90 = fort\src\subspice.f90
		fort\src\tensorops.f90 = fort\src\tensorops.f90
		fort\src\tinysh.f90 = fort\src\tinysh.f90
	EndProjectSection
EndProject
Project("{2150E333-8FDC-42A3-9474-1A3956D46DE8}") = "header", "header", "{84647056-CB90-4DBC-9E69-35D1950277F6}"
	ProjectSection(SolutionItems) = preProject
		fort\src\mqist.h = fort\src\mqist.h
	EndProjectSection
EndProject
Project("{6989167D-11E4-40FE-8C1A-2192A86A7E90}") = "unit_test_all", "unit_test_all\unit_test_all.vfproj", "{C76E55FE-F99E-B6C1-A804-DC72F5399377}"
EndProject
Project("{6989167D-11E4-40FE-8C1A-2192A86A7E90}") = "qist", "qist\qist.vfproj", "{C765B75C-63DF-7AF3-7E49-32E742015DAE}"
EndProject
Project("{6989167D-11E4-40FE-8C1A-2192A86A7E90}") = "make_qist_existing_kernel", "make_qist_existing_kernel\make_qist_existing_kernel.vfproj", "{FC7C78D9-F34D-80ED-9629-10855D86AAE2}"
EndProject
Project("{6989167D-11E4-40FE-8C1A-2192A86A7E90}") = "make_new_kernel", "make_new_kernel\make_new_kernel.vfproj", "{CAF317CB-E50C-855C-DB7A-14C3C98B3380}"
EndProject
Project("{6989167D-11E4-40FE-8C1A-2192A86A7E90}") = "mqist", "mqist\mqist.vfproj", "{0427CE57-E78E-5D88-E6A4-A3411B155458}"
EndProject
Global
	GlobalSection(SolutionConfigurationPlatforms) = preSolution
		Debug|x64 = Debug|x64
		Debug|x86 = Debug|x86
		Release|x64 = Release|x64
		Release|x86 = Release|x86
	EndGlobalSection
	GlobalSection(ProjectConfigurationPlatforms) = postSolution
		{C76E55FE-F99E-B6C1-A804-DC72F5399377}.Debug|x64.ActiveCfg = Debug|x64
		{C76E55FE-F99E-B6C1-A804-DC72F5399377}.Debug|x64.Build.0 = Debug|x64
		{C76E55FE-F99E-B6C1-A804-DC72F5399377}.Debug|x86.ActiveCfg = Debug|Win32
		{C76E55FE-F99E-B6C1-A804-DC72F5399377}.Debug|x86.Build.0 = Debug|Win32
		{C76E55FE-F99E-B6C1-A804-DC72F5399377}.Release|x64.ActiveCfg = Release|x64
		{C76E55FE-F99E-B6C1-A804-DC72F5399377}.Release|x64.Build.0 = Release|x64
		{C76E55FE-F99E-B6C1-A804-DC72F5399377}.Release|x86.ActiveCfg = Release|Win32
		{C76E55FE-F99E-B6C1-A804-DC72F5399377}.Release|x86.Build.0 = Release|Win32
		{C765B75C-63DF-7AF3-7E49-32E742015DAE}.Debug|x64.ActiveCfg = Debug|x64
		{C765B75C-63DF-7AF3-7E49-32E742015DAE}.Debug|x64.Build.0 = Debug|x64
		{C765B75C-63DF-7AF3-7E49-32E742015DAE}.Debug|x86.ActiveCfg = Debug|Win32
		{C765B75C-63DF-7AF3-7E49-32E742015DAE}.Debug|x86.Build.0 = Debug|Win32
		{C765B75C-63DF-7AF3-7E49-32E742015DAE}.Release|x64.ActiveCfg = Release|x64
		{C765B75C-63DF-7AF3-7E49-32E742015DAE}.Release|x64.Build.0 = Release|x64
		{C765B75C-63DF-7AF3-7E49-32E742015DAE}.Release|x86.ActiveCfg = Release|Win32
		{C765B75C-63DF-7AF3-7E49-32E742015DAE}.Release|x86.Build.0 = Release|Win32
		{FC7C78D9-F34D-80ED-9629-10855D86AAE2}.Debug|x64.ActiveCfg = Debug|x64
		{FC7C78D9-F34D-80ED-9629-10855D86AAE2}.Debug|x64.Build.0 = Debug|x64
		{FC7C78D9-F34D-80ED-9629-10855D86AAE2}.Debug|x86.ActiveCfg = Debug|Win32
		{FC7C78D9-F34D-80ED-9629-10855D86AAE2}.Debug|x86.Build.0 = Debug|Win32
		{FC7C78D9-F34D-80ED-9629-10855D86AAE2}.Release|x64.ActiveCfg = Release|x64
		{FC7C78D9-F34D-80ED-9629-10855D86AAE2}.Release|x64.Build.0 = Release|x64
		{FC7C78D9-F34D-80ED-9629-10855D86AAE2}.Release|x86.ActiveCfg = Release|Win32
		{FC7C78D9-F34D-80ED-9629-10855D86AAE2}.Release|x86.Build.0 = Release|Win32
		{CAF317CB-E50C-855C-DB7A-14C3C98B3380}.Debug|x64.ActiveCfg = Debug|x64
		{CAF317CB-E50C-855C-DB7A-14C3C98B3380}.Debug|x64.Build.0 = Debug|x64
		{CAF317CB-E50C-855C-DB7A-14C3C98B3380}.Debug|x86.ActiveCfg = Debug|Win32
		{CAF317CB-E50C-855C-DB7A-14C3C98B3380}.Debug|x86.Build.0 = Debug|Win32
		{CAF317CB-E50C-855C-DB7A-14C3C98B3380}.Release|x64.ActiveCfg = Release|x64
		{CAF317CB-E50C-855C-DB7A-14C3C98B3380}.Release|x64.Build.0 = Release|x64
		{CAF317CB-E50C-855C-DB7A-14C3C98B3380}.Release|x86.ActiveCfg = Release|Win32
		{CAF317CB-E50C-855C-DB7A-14C3C98B3380}.Release|x86.Build.0 = Release|Win32
		{0427CE57-E78E-5D88-E6A4-A3411B155458}.Debug|x64.ActiveCfg = Debug|x64
		{0427CE57-E78E-5D88-E6A4-A3411B155458}.Debug|x64.Build.0 = Debug|x64
		{0427CE57-E78E-5D88-E6A4-A3411B155458}.Debug|x86.ActiveCfg = Debug|Win32
		{0427CE57-E78E-5D88-E6A4-A3411B155458}.Debug|x86.Build.0 = Debug|Win32
		{0427CE57-E78E-5D88-E6A4-A3411B155458}.Release|x64.ActiveCfg = Release|x64
		{0427CE57-E78E-5D88-E6A4-A3411B155458}.Release|x64.Build.0 = Release|x64
		{0427CE57-E78E-5D88-E6A4-A3411B155458}.Release|x86.ActiveCfg = Release|Win32
		{0427CE57-E78E-5D88-E6A4-A3411B155458}.Release|x86.Build.0 = Release|Win32
	EndGlobalSection
	GlobalSection(SolutionProperties) = preSolution
		HideSolutionNode = FALSE
	EndGlobalSection
	GlobalSection(NestedProjects) = preSolution
		{02EA681E-C7D8-13C7-8484-4AC65E1B71E8} = {8EC462FD-D22E-90A8-E5CE-7E832BA40C5D}
		{84647056-CB90-4DBC-9E69-35D1950277F6} = {8EC462FD-D22E-90A8-E5CE-7E832BA40C5D}
	EndGlobalSection
	GlobalSection(ExtensibilityGlobals) = postSolution
		SolutionGuid = {A2A8B321-6C25-417B-9875-74E4DBDDF982}
	EndGlobalSection
EndGlobal
